// !$*UTF8*$!
{
	archiveVersion = 1;
	classes = {
	};
	objectVersion = 50;
	objects = {

/* Begin PBXBuildFile section */
		E51EE8F2221AE3EF0030C23E /* Router.swift in Sources */ = {isa = PBXBuildFile; fileRef = E51EE8F1221AE3EF0030C23E /* Router.swift */; };
		E51EE8F6221AE58B0030C23E /* RouteType.swift in Sources */ = {isa = PBXBuildFile; fileRef = E51EE8F5221AE58B0030C23E /* RouteType.swift */; };
		E51EE8FA221AE6740030C23E /* Navigator.swift in Sources */ = {isa = PBXBuildFile; fileRef = E51EE8F9221AE6740030C23E /* Navigator.swift */; };
		E51EE8FD221AE8F70030C23E /* RouterCustomTransitionDelegate.swift in Sources */ = {isa = PBXBuildFile; fileRef = E51EE8FC221AE8F70030C23E /* RouterCustomTransitionDelegate.swift */; };
		E51EE8FF221AED040030C23E /* RouteTransition.swift in Sources */ = {isa = PBXBuildFile; fileRef = E51EE8FE221AED040030C23E /* RouteTransition.swift */; };
		E51EE903221AF1890030C23E /* PathPattern.swift in Sources */ = {isa = PBXBuildFile; fileRef = E51EE902221AF1890030C23E /* PathPattern.swift */; };
		E51EE905221AF79B0030C23E /* Integrator.swift in Sources */ = {isa = PBXBuildFile; fileRef = E51EE904221AF79B0030C23E /* Integrator.swift */; };
		E51EE907221AFCFB0030C23E /* RouterError.swift in Sources */ = {isa = PBXBuildFile; fileRef = E51EE906221AFCFB0030C23E /* RouterError.swift */; };
		E51EE909221B00F30030C23E /* RouteBuilder.swift in Sources */ = {isa = PBXBuildFile; fileRef = E51EE908221B00F30030C23E /* RouteBuilder.swift */; };
		E55B81F22204835600C0ED7B /* AppDelegate.swift in Sources */ = {isa = PBXBuildFile; fileRef = E55B81F12204835600C0ED7B /* AppDelegate.swift */; };
		E55B81F92204835800C0ED7B /* Assets.xcassets in Resources */ = {isa = PBXBuildFile; fileRef = E55B81F82204835800C0ED7B /* Assets.xcassets */; };
		E55B81FC2204835800C0ED7B /* LaunchScreen.storyboard in Resources */ = {isa = PBXBuildFile; fileRef = E55B81FA2204835800C0ED7B /* LaunchScreen.storyboard */; };
		E55B82072204835800C0ED7B /* IntegratorTests.swift in Sources */ = {isa = PBXBuildFile; fileRef = E55B82062204835800C0ED7B /* IntegratorTests.swift */; };
		E55B82122204835800C0ED7B /* IntegratorUITests.swift in Sources */ = {isa = PBXBuildFile; fileRef = E55B82112204835800C0ED7B /* IntegratorUITests.swift */; };
		E55B82212204837600C0ED7B /* IntegratorType.swift in Sources */ = {isa = PBXBuildFile; fileRef = E55B82202204837600C0ED7B /* IntegratorType.swift */; };
		E55B823D2205006300C0ED7B /* CollectionExtensions.swift in Sources */ = {isa = PBXBuildFile; fileRef = E55B823C2205006300C0ED7B /* CollectionExtensions.swift */; };
		E55B823F220899BF00C0ED7B /* UINavigationControllerExtensions.swift in Sources */ = {isa = PBXBuildFile; fileRef = E55B823E220899BF00C0ED7B /* UINavigationControllerExtensions.swift */; };
		E55B8241220899E800C0ED7B /* UITabBarControllerExtensions.swift in Sources */ = {isa = PBXBuildFile; fileRef = E55B8240220899E800C0ED7B /* UITabBarControllerExtensions.swift */; };
		E55B824322089A2400C0ED7B /* UIViewControllerExtensions.swift in Sources */ = {isa = PBXBuildFile; fileRef = E55B824222089A2400C0ED7B /* UIViewControllerExtensions.swift */; };
		E55B82B12211EABB00C0ED7B /* IntegratorError.swift in Sources */ = {isa = PBXBuildFile; fileRef = E55B82B02211EABB00C0ED7B /* IntegratorError.swift */; };
		E5755FC3221B2A1C003A65E4 /* URLNavigator.swift in Sources */ = {isa = PBXBuildFile; fileRef = E5755FC2221B2A1C003A65E4 /* URLNavigator.swift */; };
		E5755FC6221B36EF003A65E4 /* MatchedURL.swift in Sources */ = {isa = PBXBuildFile; fileRef = E5755FC5221B36EF003A65E4 /* MatchedURL.swift */; };
		E5755FC8221B37DC003A65E4 /* URLPathMapper.swift in Sources */ = {isa = PBXBuildFile; fileRef = E5755FC7221B37DC003A65E4 /* URLPathMapper.swift */; };
		E5F04DA1221C4A5F0062081C /* IntegratorExample.swift in Sources */ = {isa = PBXBuildFile; fileRef = E5F04DA0221C4A5F0062081C /* IntegratorExample.swift */; };
/* End PBXBuildFile section */

/* Begin PBXContainerItemProxy section */
		E55B82032204835800C0ED7B /* PBXContainerItemProxy */ = {
			isa = PBXContainerItemProxy;
			containerPortal = E55B81E62204835500C0ED7B /* Project object */;
			proxyType = 1;
			remoteGlobalIDString = E55B81ED2204835500C0ED7B;
			remoteInfo = Integrator;
		};
		E55B820E2204835800C0ED7B /* PBXContainerItemProxy */ = {
			isa = PBXContainerItemProxy;
			containerPortal = E55B81E62204835500C0ED7B /* Project object */;
			proxyType = 1;
			remoteGlobalIDString = E55B81ED2204835500C0ED7B;
			remoteInfo = Integrator;
		};
/* End PBXContainerItemProxy section */

/* Begin PBXFileReference section */
		E51EE8F1221AE3EF0030C23E /* Router.swift */ = {isa = PBXFileReference; lastKnownFileType = sourcecode.swift; path = Router.swift; sourceTree = "<group>"; };
		E51EE8F5221AE58B0030C23E /* RouteType.swift */ = {isa = PBXFileReference; lastKnownFileType = sourcecode.swift; path = RouteType.swift; sourceTree = "<group>"; };
		E51EE8F9221AE6740030C23E /* Navigator.swift */ = {isa = PBXFileReference; lastKnownFileType = sourcecode.swift; path = Navigator.swift; sourceTree = "<group>"; };
		E51EE8FC221AE8F70030C23E /* RouterCustomTransitionDelegate.swift */ = {isa = PBXFileReference; lastKnownFileType = sourcecode.swift; path = RouterCustomTransitionDelegate.swift; sourceTree = "<group>"; };
		E51EE8FE221AED040030C23E /* RouteTransition.swift */ = {isa = PBXFileReference; lastKnownFileType = sourcecode.swift; path = RouteTransition.swift; sourceTree = "<group>"; };
		E51EE902221AF1890030C23E /* PathPattern.swift */ = {isa = PBXFileReference; lastKnownFileType = sourcecode.swift; path = PathPattern.swift; sourceTree = "<group>"; };
		E51EE904221AF79B0030C23E /* Integrator.swift */ = {isa = PBXFileReference; lastKnownFileType = sourcecode.swift; path = Integrator.swift; sourceTree = "<group>"; };
		E51EE906221AFCFB0030C23E /* RouterError.swift */ = {isa = PBXFileReference; lastKnownFileType = sourcecode.swift; path = RouterError.swift; sourceTree = "<group>"; };
		E51EE908221B00F30030C23E /* RouteBuilder.swift */ = {isa = PBXFileReference; lastKnownFileType = sourcecode.swift; path = RouteBuilder.swift; sourceTree = "<group>"; };
		E55B81EE2204835600C0ED7B /* Integrator.app */ = {isa = PBXFileReference; explicitFileType = wrapper.application; includeInIndex = 0; path = Integrator.app; sourceTree = BUILT_PRODUCTS_DIR; };
		E55B81F12204835600C0ED7B /* AppDelegate.swift */ = {isa = PBXFileReference; lastKnownFileType = sourcecode.swift; path = AppDelegate.swift; sourceTree = "<group>"; };
		E55B81F82204835800C0ED7B /* Assets.xcassets */ = {isa = PBXFileReference; lastKnownFileType = folder.assetcatalog; path = Assets.xcassets; sourceTree = "<group>"; };
		E55B81FB2204835800C0ED7B /* Base */ = {isa = PBXFileReference; lastKnownFileType = file.storyboard; name = Base; path = Base.lproj/LaunchScreen.storyboard; sourceTree = "<group>"; };
		E55B81FD2204835800C0ED7B /* Info.plist */ = {isa = PBXFileReference; lastKnownFileType = text.plist.xml; path = Info.plist; sourceTree = "<group>"; };
		E55B82022204835800C0ED7B /* IntegratorTests.xctest */ = {isa = PBXFileReference; explicitFileType = wrapper.cfbundle; includeInIndex = 0; path = IntegratorTests.xctest; sourceTree = BUILT_PRODUCTS_DIR; };
		E55B82062204835800C0ED7B /* IntegratorTests.swift */ = {isa = PBXFileReference; lastKnownFileType = sourcecode.swift; path = IntegratorTests.swift; sourceTree = "<group>"; };
		E55B82082204835800C0ED7B /* Info.plist */ = {isa = PBXFileReference; lastKnownFileType = text.plist.xml; path = Info.plist; sourceTree = "<group>"; };
		E55B820D2204835800C0ED7B /* IntegratorUITests.xctest */ = {isa = PBXFileReference; explicitFileType = wrapper.cfbundle; includeInIndex = 0; path = IntegratorUITests.xctest; sourceTree = BUILT_PRODUCTS_DIR; };
		E55B82112204835800C0ED7B /* IntegratorUITests.swift */ = {isa = PBXFileReference; lastKnownFileType = sourcecode.swift; path = IntegratorUITests.swift; sourceTree = "<group>"; };
		E55B82132204835800C0ED7B /* Info.plist */ = {isa = PBXFileReference; lastKnownFileType = text.plist.xml; path = Info.plist; sourceTree = "<group>"; };
		E55B82202204837600C0ED7B /* IntegratorType.swift */ = {isa = PBXFileReference; lastKnownFileType = sourcecode.swift; path = IntegratorType.swift; sourceTree = "<group>"; };
		E55B823C2205006300C0ED7B /* CollectionExtensions.swift */ = {isa = PBXFileReference; lastKnownFileType = sourcecode.swift; path = CollectionExtensions.swift; sourceTree = "<group>"; };
		E55B823E220899BF00C0ED7B /* UINavigationControllerExtensions.swift */ = {isa = PBXFileReference; lastKnownFileType = sourcecode.swift; path = UINavigationControllerExtensions.swift; sourceTree = "<group>"; };
		E55B8240220899E800C0ED7B /* UITabBarControllerExtensions.swift */ = {isa = PBXFileReference; lastKnownFileType = sourcecode.swift; path = UITabBarControllerExtensions.swift; sourceTree = "<group>"; };
		E55B824222089A2400C0ED7B /* UIViewControllerExtensions.swift */ = {isa = PBXFileReference; lastKnownFileType = sourcecode.swift; path = UIViewControllerExtensions.swift; sourceTree = "<group>"; };
		E55B82B02211EABB00C0ED7B /* IntegratorError.swift */ = {isa = PBXFileReference; lastKnownFileType = sourcecode.swift; path = IntegratorError.swift; sourceTree = "<group>"; };
		E5755FC2221B2A1C003A65E4 /* URLNavigator.swift */ = {isa = PBXFileReference; lastKnownFileType = sourcecode.swift; path = URLNavigator.swift; sourceTree = "<group>"; };
		E5755FC5221B36EF003A65E4 /* MatchedURL.swift */ = {isa = PBXFileReference; lastKnownFileType = sourcecode.swift; path = MatchedURL.swift; sourceTree = "<group>"; };
		E5755FC7221B37DC003A65E4 /* URLPathMapper.swift */ = {isa = PBXFileReference; lastKnownFileType = sourcecode.swift; path = URLPathMapper.swift; sourceTree = "<group>"; };
		E5F04DA0221C4A5F0062081C /* IntegratorExample.swift */ = {isa = PBXFileReference; lastKnownFileType = sourcecode.swift; path = IntegratorExample.swift; sourceTree = "<group>"; };
/* End PBXFileReference section */

/* Begin PBXFrameworksBuildPhase section */
		E55B81EB2204835500C0ED7B /* Frameworks */ = {
			isa = PBXFrameworksBuildPhase;
			buildActionMask = 2147483647;
			files = (
			);
			runOnlyForDeploymentPostprocessing = 0;
		};
		E55B81FF2204835800C0ED7B /* Frameworks */ = {
			isa = PBXFrameworksBuildPhase;
			buildActionMask = 2147483647;
			files = (
			);
			runOnlyForDeploymentPostprocessing = 0;
		};
		E55B820A2204835800C0ED7B /* Frameworks */ = {
			isa = PBXFrameworksBuildPhase;
			buildActionMask = 2147483647;
			files = (
			);
			runOnlyForDeploymentPostprocessing = 0;
		};
/* End PBXFrameworksBuildPhase section */

/* Begin PBXGroup section */
		E51EE8FB221AE8BF0030C23E /* Router */ = {
			isa = PBXGroup;
			children = (
				E5755FC4221B2A2B003A65E4 /* Navigator */,
				E51EE8F1221AE3EF0030C23E /* Router.swift */,
				E51EE8F5221AE58B0030C23E /* RouteType.swift */,
				E51EE8FC221AE8F70030C23E /* RouterCustomTransitionDelegate.swift */,
				E51EE8FE221AED040030C23E /* RouteTransition.swift */,
				E51EE906221AFCFB0030C23E /* RouterError.swift */,
				E51EE908221B00F30030C23E /* RouteBuilder.swift */,
			);
			path = Router;
			sourceTree = "<group>";
		};
		E51EE900221AF1120030C23E /* URLMatcher */ = {
			isa = PBXGroup;
			children = (
				E51EE902221AF1890030C23E /* PathPattern.swift */,
				E5755FC5221B36EF003A65E4 /* MatchedURL.swift */,
				E5755FC7221B37DC003A65E4 /* URLPathMapper.swift */,
			);
			path = URLMatcher;
			sourceTree = "<group>";
		};
		E55B81E52204835500C0ED7B = {
			isa = PBXGroup;
			children = (
				E55B81F02204835600C0ED7B /* Integrator */,
				E55B82052204835800C0ED7B /* IntegratorTests */,
				E55B82102204835800C0ED7B /* IntegratorUITests */,
				E55B81EF2204835600C0ED7B /* Products */,
			);
			sourceTree = "<group>";
		};
		E55B81EF2204835600C0ED7B /* Products */ = {
			isa = PBXGroup;
			children = (
				E55B81EE2204835600C0ED7B /* Integrator.app */,
				E55B82022204835800C0ED7B /* IntegratorTests.xctest */,
				E55B820D2204835800C0ED7B /* IntegratorUITests.xctest */,
			);
			name = Products;
			sourceTree = "<group>";
		};
		E55B81F02204835600C0ED7B /* Integrator */ = {
			isa = PBXGroup;
			children = (
				E55B821F2204836100C0ED7B /* IntegratorLib */,
				E55B82472208CAAE00C0ED7B /* Example */,
			);
			path = Integrator;
			sourceTree = "<group>";
		};
		E55B82052204835800C0ED7B /* IntegratorTests */ = {
			isa = PBXGroup;
			children = (
				E55B82062204835800C0ED7B /* IntegratorTests.swift */,
				E55B82082204835800C0ED7B /* Info.plist */,
			);
			path = IntegratorTests;
			sourceTree = "<group>";
		};
		E55B82102204835800C0ED7B /* IntegratorUITests */ = {
			isa = PBXGroup;
			children = (
				E55B82112204835800C0ED7B /* IntegratorUITests.swift */,
				E55B82132204835800C0ED7B /* Info.plist */,
			);
			path = IntegratorUITests;
			sourceTree = "<group>";
		};
		E55B821F2204836100C0ED7B /* IntegratorLib */ = {
			isa = PBXGroup;
			children = (
				E55B823B2205005200C0ED7B /* Extensions */,
				E55B82232204838B00C0ED7B /* Navigation */,
				E55B82222204838500C0ED7B /* Integration */,
			);
			path = IntegratorLib;
			sourceTree = "<group>";
		};
		E55B82222204838500C0ED7B /* Integration */ = {
			isa = PBXGroup;
			children = (
				E55B82202204837600C0ED7B /* IntegratorType.swift */,
				E51EE904221AF79B0030C23E /* Integrator.swift */,
				E55B82B02211EABB00C0ED7B /* IntegratorError.swift */,
			);
			path = Integration;
			sourceTree = "<group>";
		};
		E55B82232204838B00C0ED7B /* Navigation */ = {
			isa = PBXGroup;
			children = (
				E51EE900221AF1120030C23E /* URLMatcher */,
				E51EE8FB221AE8BF0030C23E /* Router */,
			);
			path = Navigation;
			sourceTree = "<group>";
		};
		E55B823B2205005200C0ED7B /* Extensions */ = {
			isa = PBXGroup;
			children = (
				E55B823C2205006300C0ED7B /* CollectionExtensions.swift */,
				E55B823E220899BF00C0ED7B /* UINavigationControllerExtensions.swift */,
				E55B8240220899E800C0ED7B /* UITabBarControllerExtensions.swift */,
				E55B824222089A2400C0ED7B /* UIViewControllerExtensions.swift */,
			);
			path = Extensions;
			sourceTree = "<group>";
		};
		E55B82472208CAAE00C0ED7B /* Example */ = {
			isa = PBXGroup;
			children = (
				E55B82482208CAC500C0ED7B /* Application */,
				E55B824B2208CAF900C0ED7B /* SupportingFiles */,
				E5F04DA0221C4A5F0062081C /* IntegratorExample.swift */,
			);
			path = Example;
			sourceTree = "<group>";
		};
		E55B82482208CAC500C0ED7B /* Application */ = {
			isa = PBXGroup;
			children = (
				E55B81F12204835600C0ED7B /* AppDelegate.swift */,
			);
			path = Application;
			sourceTree = "<group>";
		};
		E55B824B2208CAF900C0ED7B /* SupportingFiles */ = {
			isa = PBXGroup;
			children = (
				E55B81FA2204835800C0ED7B /* LaunchScreen.storyboard */,
				E55B81F82204835800C0ED7B /* Assets.xcassets */,
				E55B81FD2204835800C0ED7B /* Info.plist */,
			);
			path = SupportingFiles;
			sourceTree = "<group>";
		};
		E5755FC4221B2A2B003A65E4 /* Navigator */ = {
			isa = PBXGroup;
			children = (
				E51EE8F9221AE6740030C23E /* Navigator.swift */,
				E5755FC2221B2A1C003A65E4 /* URLNavigator.swift */,
			);
			path = Navigator;
			sourceTree = "<group>";
		};
/* End PBXGroup section */

/* Begin PBXNativeTarget section */
		E55B81ED2204835500C0ED7B /* Integrator */ = {
			isa = PBXNativeTarget;
			buildConfigurationList = E55B82162204835800C0ED7B /* Build configuration list for PBXNativeTarget "Integrator" */;
			buildPhases = (
				E55B81EA2204835500C0ED7B /* Sources */,
				E55B81EB2204835500C0ED7B /* Frameworks */,
				E55B81EC2204835500C0ED7B /* Resources */,
			);
			buildRules = (
			);
			dependencies = (
			);
			name = Integrator;
			productName = Integrator;
			productReference = E55B81EE2204835600C0ED7B /* Integrator.app */;
			productType = "com.apple.product-type.application";
		};
		E55B82012204835800C0ED7B /* IntegratorTests */ = {
			isa = PBXNativeTarget;
			buildConfigurationList = E55B82192204835800C0ED7B /* Build configuration list for PBXNativeTarget "IntegratorTests" */;
			buildPhases = (
				E55B81FE2204835800C0ED7B /* Sources */,
				E55B81FF2204835800C0ED7B /* Frameworks */,
				E55B82002204835800C0ED7B /* Resources */,
			);
			buildRules = (
			);
			dependencies = (
				E55B82042204835800C0ED7B /* PBXTargetDependency */,
			);
			name = IntegratorTests;
			productName = IntegratorTests;
			productReference = E55B82022204835800C0ED7B /* IntegratorTests.xctest */;
			productType = "com.apple.product-type.bundle.unit-test";
		};
		E55B820C2204835800C0ED7B /* IntegratorUITests */ = {
			isa = PBXNativeTarget;
			buildConfigurationList = E55B821C2204835800C0ED7B /* Build configuration list for PBXNativeTarget "IntegratorUITests" */;
			buildPhases = (
				E55B82092204835800C0ED7B /* Sources */,
				E55B820A2204835800C0ED7B /* Frameworks */,
				E55B820B2204835800C0ED7B /* Resources */,
			);
			buildRules = (
			);
			dependencies = (
				E55B820F2204835800C0ED7B /* PBXTargetDependency */,
			);
			name = IntegratorUITests;
			productName = IntegratorUITests;
			productReference = E55B820D2204835800C0ED7B /* IntegratorUITests.xctest */;
			productType = "com.apple.product-type.bundle.ui-testing";
		};
/* End PBXNativeTarget section */

/* Begin PBXProject section */
		E55B81E62204835500C0ED7B /* Project object */ = {
			isa = PBXProject;
			attributes = {
				LastSwiftUpdateCheck = 1010;
				LastUpgradeCheck = 1010;
				ORGANIZATIONNAME = "Eduardo Bocato";
				TargetAttributes = {
					E55B81ED2204835500C0ED7B = {
						CreatedOnToolsVersion = 10.1;
					};
					E55B82012204835800C0ED7B = {
						CreatedOnToolsVersion = 10.1;
						TestTargetID = E55B81ED2204835500C0ED7B;
					};
					E55B820C2204835800C0ED7B = {
						CreatedOnToolsVersion = 10.1;
						TestTargetID = E55B81ED2204835500C0ED7B;
					};
				};
			};
			buildConfigurationList = E55B81E92204835500C0ED7B /* Build configuration list for PBXProject "Integrator" */;
			compatibilityVersion = "Xcode 9.3";
			developmentRegion = en;
			hasScannedForEncodings = 0;
			knownRegions = (
				en,
				Base,
			);
			mainGroup = E55B81E52204835500C0ED7B;
			productRefGroup = E55B81EF2204835600C0ED7B /* Products */;
			projectDirPath = "";
			projectRoot = "";
			targets = (
				E55B81ED2204835500C0ED7B /* Integrator */,
				E55B82012204835800C0ED7B /* IntegratorTests */,
				E55B820C2204835800C0ED7B /* IntegratorUITests */,
			);
		};
/* End PBXProject section */

/* Begin PBXResourcesBuildPhase section */
		E55B81EC2204835500C0ED7B /* Resources */ = {
			isa = PBXResourcesBuildPhase;
			buildActionMask = 2147483647;
			files = (
				E55B81FC2204835800C0ED7B /* LaunchScreen.storyboard in Resources */,
				E55B81F92204835800C0ED7B /* Assets.xcassets in Resources */,
			);
			runOnlyForDeploymentPostprocessing = 0;
		};
		E55B82002204835800C0ED7B /* Resources */ = {
			isa = PBXResourcesBuildPhase;
			buildActionMask = 2147483647;
			files = (
			);
			runOnlyForDeploymentPostprocessing = 0;
		};
		E55B820B2204835800C0ED7B /* Resources */ = {
			isa = PBXResourcesBuildPhase;
			buildActionMask = 2147483647;
			files = (
			);
			runOnlyForDeploymentPostprocessing = 0;
		};
/* End PBXResourcesBuildPhase section */

/* Begin PBXSourcesBuildPhase section */
		E55B81EA2204835500C0ED7B /* Sources */ = {
			isa = PBXSourcesBuildPhase;
			buildActionMask = 2147483647;
			files = (
				E51EE903221AF1890030C23E /* PathPattern.swift in Sources */,
				E5755FC6221B36EF003A65E4 /* MatchedURL.swift in Sources */,
				E55B824322089A2400C0ED7B /* UIViewControllerExtensions.swift in Sources */,
				E55B823D2205006300C0ED7B /* CollectionExtensions.swift in Sources */,
				E51EE909221B00F30030C23E /* RouteBuilder.swift in Sources */,
				E5755FC3221B2A1C003A65E4 /* URLNavigator.swift in Sources */,
				E51EE8FA221AE6740030C23E /* Navigator.swift in Sources */,
				E5755FC8221B37DC003A65E4 /* URLPathMapper.swift in Sources */,
				E51EE8F2221AE3EF0030C23E /* Router.swift in Sources */,
				E5F04DA1221C4A5F0062081C /* IntegratorExample.swift in Sources */,
				E55B81F22204835600C0ED7B /* AppDelegate.swift in Sources */,
				E51EE8FF221AED040030C23E /* RouteTransition.swift in Sources */,
				E55B8241220899E800C0ED7B /* UITabBarControllerExtensions.swift in Sources */,
				E51EE907221AFCFB0030C23E /* RouterError.swift in Sources */,
				E55B82B12211EABB00C0ED7B /* IntegratorError.swift in Sources */,
				E51EE905221AF79B0030C23E /* Integrator.swift in Sources */,
				E55B823F220899BF00C0ED7B /* UINavigationControllerExtensions.swift in Sources */,
				E51EE8F6221AE58B0030C23E /* RouteType.swift in Sources */,
				E51EE8FD221AE8F70030C23E /* RouterCustomTransitionDelegate.swift in Sources */,
				E55B82212204837600C0ED7B /* IntegratorType.swift in Sources */,
			);
			runOnlyForDeploymentPostprocessing = 0;
		};
		E55B81FE2204835800C0ED7B /* Sources */ = {
			isa = PBXSourcesBuildPhase;
			buildActionMask = 2147483647;
			files = (
				E55B82072204835800C0ED7B /* IntegratorTests.swift in Sources */,
			);
			runOnlyForDeploymentPostprocessing = 0;
		};
		E55B82092204835800C0ED7B /* Sources */ = {
			isa = PBXSourcesBuildPhase;
			buildActionMask = 2147483647;
			files = (
				E55B82122204835800C0ED7B /* IntegratorUITests.swift in Sources */,
			);
			runOnlyForDeploymentPostprocessing = 0;
		};
/* End PBXSourcesBuildPhase section */

/* Begin PBXTargetDependency section */
		E55B82042204835800C0ED7B /* PBXTargetDependency */ = {
			isa = PBXTargetDependency;
			target = E55B81ED2204835500C0ED7B /* Integrator */;
			targetProxy = E55B82032204835800C0ED7B /* PBXContainerItemProxy */;
		};
		E55B820F2204835800C0ED7B /* PBXTargetDependency */ = {
			isa = PBXTargetDependency;
			target = E55B81ED2204835500C0ED7B /* Integrator */;
			targetProxy = E55B820E2204835800C0ED7B /* PBXContainerItemProxy */;
		};
/* End PBXTargetDependency section */

/* Begin PBXVariantGroup section */
		E55B81FA2204835800C0ED7B /* LaunchScreen.storyboard */ = {
			isa = PBXVariantGroup;
			children = (
				E55B81FB2204835800C0ED7B /* Base */,
			);
			name = LaunchScreen.storyboard;
			sourceTree = "<group>";
		};
/* End PBXVariantGroup section */

/* Begin XCBuildConfiguration section */
		E55B82142204835800C0ED7B /* Debug */ = {
			isa = XCBuildConfiguration;
			buildSettings = {
				ALWAYS_SEARCH_USER_PATHS = NO;
				CLANG_ANALYZER_NONNULL = YES;
				CLANG_ANALYZER_NUMBER_OBJECT_CONVERSION = YES_AGGRESSIVE;
				CLANG_CXX_LANGUAGE_STANDARD = "gnu++14";
				CLANG_CXX_LIBRARY = "libc++";
				CLANG_ENABLE_MODULES = YES;
				CLANG_ENABLE_OBJC_ARC = YES;
				CLANG_ENABLE_OBJC_WEAK = YES;
				CLANG_WARN_BLOCK_CAPTURE_AUTORELEASING = YES;
				CLANG_WARN_BOOL_CONVERSION = YES;
				CLANG_WARN_COMMA = YES;
				CLANG_WARN_CONSTANT_CONVERSION = YES;
				CLANG_WARN_DEPRECATED_OBJC_IMPLEMENTATIONS = YES;
				CLANG_WARN_DIRECT_OBJC_ISA_USAGE = YES_ERROR;
				CLANG_WARN_DOCUMENTATION_COMMENTS = YES;
				CLANG_WARN_EMPTY_BODY = YES;
				CLANG_WARN_ENUM_CONVERSION = YES;
				CLANG_WARN_INFINITE_RECURSION = YES;
				CLANG_WARN_INT_CONVERSION = YES;
				CLANG_WARN_NON_LITERAL_NULL_CONVERSION = YES;
				CLANG_WARN_OBJC_IMPLICIT_RETAIN_SELF = YES;
				CLANG_WARN_OBJC_LITERAL_CONVERSION = YES;
				CLANG_WARN_OBJC_ROOT_CLASS = YES_ERROR;
				CLANG_WARN_RANGE_LOOP_ANALYSIS = YES;
				CLANG_WARN_STRICT_PROTOTYPES = YES;
				CLANG_WARN_SUSPICIOUS_MOVE = YES;
				CLANG_WARN_UNGUARDED_AVAILABILITY = YES_AGGRESSIVE;
				CLANG_WARN_UNREACHABLE_CODE = YES;
				CLANG_WARN__DUPLICATE_METHOD_MATCH = YES;
				CODE_SIGN_IDENTITY = "iPhone Developer";
				COPY_PHASE_STRIP = NO;
				DEBUG_INFORMATION_FORMAT = dwarf;
				ENABLE_STRICT_OBJC_MSGSEND = YES;
				ENABLE_TESTABILITY = YES;
				GCC_C_LANGUAGE_STANDARD = gnu11;
				GCC_DYNAMIC_NO_PIC = NO;
				GCC_NO_COMMON_BLOCKS = YES;
				GCC_OPTIMIZATION_LEVEL = 0;
				GCC_PREPROCESSOR_DEFINITIONS = (
					"DEBUG=1",
					"$(inherited)",
				);
				GCC_WARN_64_TO_32_BIT_CONVERSION = YES;
				GCC_WARN_ABOUT_RETURN_TYPE = YES_ERROR;
				GCC_WARN_UNDECLARED_SELECTOR = YES;
				GCC_WARN_UNINITIALIZED_AUTOS = YES_AGGRESSIVE;
				GCC_WARN_UNUSED_FUNCTION = YES;
				GCC_WARN_UNUSED_VARIABLE = YES;
				IPHONEOS_DEPLOYMENT_TARGET = 12.1;
				MTL_ENABLE_DEBUG_INFO = INCLUDE_SOURCE;
				MTL_FAST_MATH = YES;
				ONLY_ACTIVE_ARCH = YES;
				SDKROOT = iphoneos;
				SWIFT_ACTIVE_COMPILATION_CONDITIONS = DEBUG;
				SWIFT_OPTIMIZATION_LEVEL = "-Onone";
			};
			name = Debug;
		};
		E55B82152204835800C0ED7B /* Release */ = {
			isa = XCBuildConfiguration;
			buildSettings = {
				ALWAYS_SEARCH_USER_PATHS = NO;
				CLANG_ANALYZER_NONNULL = YES;
				CLANG_ANALYZER_NUMBER_OBJECT_CONVERSION = YES_AGGRESSIVE;
				CLANG_CXX_LANGUAGE_STANDARD = "gnu++14";
				CLANG_CXX_LIBRARY = "libc++";
				CLANG_ENABLE_MODULES = YES;
				CLANG_ENABLE_OBJC_ARC = YES;
				CLANG_ENABLE_OBJC_WEAK = YES;
				CLANG_WARN_BLOCK_CAPTURE_AUTORELEASING = YES;
				CLANG_WARN_BOOL_CONVERSION = YES;
				CLANG_WARN_COMMA = YES;
				CLANG_WARN_CONSTANT_CONVERSION = YES;
				CLANG_WARN_DEPRECATED_OBJC_IMPLEMENTATIONS = YES;
				CLANG_WARN_DIRECT_OBJC_ISA_USAGE = YES_ERROR;
				CLANG_WARN_DOCUMENTATION_COMMENTS = YES;
				CLANG_WARN_EMPTY_BODY = YES;
				CLANG_WARN_ENUM_CONVERSION = YES;
				CLANG_WARN_INFINITE_RECURSION = YES;
				CLANG_WARN_INT_CONVERSION = YES;
				CLANG_WARN_NON_LITERAL_NULL_CONVERSION = YES;
				CLANG_WARN_OBJC_IMPLICIT_RETAIN_SELF = YES;
				CLANG_WARN_OBJC_LITERAL_CONVERSION = YES;
				CLANG_WARN_OBJC_ROOT_CLASS = YES_ERROR;
				CLANG_WARN_RANGE_LOOP_ANALYSIS = YES;
				CLANG_WARN_STRICT_PROTOTYPES = YES;
				CLANG_WARN_SUSPICIOUS_MOVE = YES;
				CLANG_WARN_UNGUARDED_AVAILABILITY = YES_AGGRESSIVE;
				CLANG_WARN_UNREACHABLE_CODE = YES;
				CLANG_WARN__DUPLICATE_METHOD_MATCH = YES;
				CODE_SIGN_IDENTITY = "iPhone Developer";
				COPY_PHASE_STRIP = NO;
				DEBUG_INFORMATION_FORMAT = "dwarf-with-dsym";
				ENABLE_NS_ASSERTIONS = NO;
				ENABLE_STRICT_OBJC_MSGSEND = YES;
				GCC_C_LANGUAGE_STANDARD = gnu11;
				GCC_NO_COMMON_BLOCKS = YES;
				GCC_WARN_64_TO_32_BIT_CONVERSION = YES;
				GCC_WARN_ABOUT_RETURN_TYPE = YES_ERROR;
				GCC_WARN_UNDECLARED_SELECTOR = YES;
				GCC_WARN_UNINITIALIZED_AUTOS = YES_AGGRESSIVE;
				GCC_WARN_UNUSED_FUNCTION = YES;
				GCC_WARN_UNUSED_VARIABLE = YES;
				IPHONEOS_DEPLOYMENT_TARGET = 12.1;
				MTL_ENABLE_DEBUG_INFO = NO;
				MTL_FAST_MATH = YES;
				SDKROOT = iphoneos;
				SWIFT_COMPILATION_MODE = wholemodule;
				SWIFT_OPTIMIZATION_LEVEL = "-O";
				VALIDATE_PRODUCT = YES;
			};
			name = Release;
		};
		E55B82172204835800C0ED7B /* Debug */ = {
			isa = XCBuildConfiguration;
			buildSettings = {
				ASSETCATALOG_COMPILER_APPICON_NAME = AppIcon;
				CODE_SIGN_STYLE = Automatic;
				DEVELOPMENT_TEAM = SZSQ274898;
				INFOPLIST_FILE = "$(SRCROOT)/Integrator/Example/SupportingFiles/Info.plist";
				LD_RUNPATH_SEARCH_PATHS = (
					"$(inherited)",
					"@executable_path/Frameworks",
				);
				PRODUCT_BUNDLE_IDENTIFIER = br.com.bocato.Integrator;
				PRODUCT_NAME = "$(TARGET_NAME)";
				SWIFT_VERSION = 4.2;
				TARGETED_DEVICE_FAMILY = "1,2";
			};
			name = Debug;
		};
		E55B82182204835800C0ED7B /* Release */ = {
			isa = XCBuildConfiguration;
			buildSettings = {
				ASSETCATALOG_COMPILER_APPICON_NAME = AppIcon;
				CODE_SIGN_STYLE = Automatic;
				DEVELOPMENT_TEAM = SZSQ274898;
				INFOPLIST_FILE = "$(SRCROOT)/Integrator/Example/SupportingFiles/Info.plist";
				LD_RUNPATH_SEARCH_PATHS = (
					"$(inherited)",
					"@executable_path/Frameworks",
				);
				PRODUCT_BUNDLE_IDENTIFIER = br.com.bocato.Integrator;
				PRODUCT_NAME = "$(TARGET_NAME)";
				SWIFT_VERSION = 4.2;
				TARGETED_DEVICE_FAMILY = "1,2";
			};
			name = Release;
		};
		E55B821A2204835800C0ED7B /* Debug */ = {
			isa = XCBuildConfiguration;
			buildSettings = {
				ALWAYS_EMBED_SWIFT_STANDARD_LIBRARIES = YES;
				BUNDLE_LOADER = "$(TEST_HOST)";
				CODE_SIGN_STYLE = Automatic;
				DEVELOPMENT_TEAM = SZSQ274898;
				INFOPLIST_FILE = IntegratorTests/Info.plist;
				LD_RUNPATH_SEARCH_PATHS = (
					"$(inherited)",
					"@executable_path/Frameworks",
					"@loader_path/Frameworks",
				);
				PRODUCT_BUNDLE_IDENTIFIER = br.com.bocato.IntegratorTests;
				PRODUCT_NAME = "$(TARGET_NAME)";
				SWIFT_VERSION = 4.2;
				TARGETED_DEVICE_FAMILY = "1,2";
				TEST_HOST = "$(BUILT_PRODUCTS_DIR)/Integrator.app/Integrator";
			};
			name = Debug;
		};
		E55B821B2204835800C0ED7B /* Release */ = {
			isa = XCBuildConfiguration;
			buildSettings = {
				ALWAYS_EMBED_SWIFT_STANDARD_LIBRARIES = YES;
				BUNDLE_LOADER = "$(TEST_HOST)";
				CODE_SIGN_STYLE = Automatic;
				DEVELOPMENT_TEAM = SZSQ274898;
				INFOPLIST_FILE = IntegratorTests/Info.plist;
				LD_RUNPATH_SEARCH_PATHS = (
					"$(inherited)",
					"@executable_path/Frameworks",
					"@loader_path/Frameworks",
				);
				PRODUCT_BUNDLE_IDENTIFIER = br.com.bocato.IntegratorTests;
				PRODUCT_NAME = "$(TARGET_NAME)";
				SWIFT_VERSION = 4.2;
				TARGETED_DEVICE_FAMILY = "1,2";
				TEST_HOST = "$(BUILT_PRODUCTS_DIR)/Integrator.app/Integrator";
			};
			name = Release;
		};
		E55B821D2204835800C0ED7B /* Debug */ = {
			isa = XCBuildConfiguration;
			buildSettings = {
				ALWAYS_EMBED_SWIFT_STANDARD_LIBRARIES = YES;
				CODE_SIGN_STYLE = Automatic;
				DEVELOPMENT_TEAM = SZSQ274898;
				INFOPLIST_FILE = IntegratorUITests/Info.plist;
				LD_RUNPATH_SEARCH_PATHS = (
					"$(inherited)",
					"@executable_path/Frameworks",
					"@loader_path/Frameworks",
				);
				PRODUCT_BUNDLE_IDENTIFIER = br.com.bocato.IntegratorUITests;
				PRODUCT_NAME = "$(TARGET_NAME)";
				SWIFT_VERSION = 4.2;
				TARGETED_DEVICE_FAMILY = "1,2";
				TEST_TARGET_NAME = Integrator;
			};
			name = Debug;
		};
		E55B821E2204835800C0ED7B /* Release */ = {
			isa = XCBuildConfiguration;
			buildSettings = {
				ALWAYS_EMBED_SWIFT_STANDARD_LIBRARIES = YES;
				CODE_SIGN_STYLE = Automatic;
				DEVELOPMENT_TEAM = SZSQ274898;
				INFOPLIST_FILE = IntegratorUITests/Info.plist;
				LD_RUNPATH_SEARCH_PATHS = (
					"$(inherited)",
					"@executable_path/Frameworks",
					"@loader_path/Frameworks",
				);
				PRODUCT_BUNDLE_IDENTIFIER = br.com.bocato.IntegratorUITests;
				PRODUCT_NAME = "$(TARGET_NAME)";
				SWIFT_VERSION = 4.2;
				TARGETED_DEVICE_FAMILY = "1,2";
				TEST_TARGET_NAME = Integrator;
			};
			name = Release;
		};
/* End XCBuildConfiguration section */

/* Begin XCConfigurationList section */
		E55B81E92204835500C0ED7B /* Build configuration list for PBXProject "Integrator" */ = {
			isa = XCConfigurationList;
			buildConfigurations = (
				E55B82142204835800C0ED7B /* Debug */,
				E55B82152204835800C0ED7B /* Release */,
			);
			defaultConfigurationIsVisible = 0;
			defaultConfigurationName = Release;
		};
		E55B82162204835800C0ED7B /* Build configuration list for PBXNativeTarget "Integrator" */ = {
			isa = XCConfigurationList;
			buildConfigurations = (
				E55B82172204835800C0ED7B /* Debug */,
				E55B82182204835800C0ED7B /* Release */,
			);
			defaultConfigurationIsVisible = 0;
			defaultConfigurationName = Release;
		};
		E55B82192204835800C0ED7B /* Build configuration list for PBXNativeTarget "IntegratorTests" */ = {
			isa = XCConfigurationList;
			buildConfigurations = (
				E55B821A2204835800C0ED7B /* Debug */,
				E55B821B2204835800C0ED7B /* Release */,
			);
			defaultConfigurationIsVisible = 0;
			defaultConfigurationName = Release;
		};
		E55B821C2204835800C0ED7B /* Build configuration list for PBXNativeTarget "IntegratorUITests" */ = {
			isa = XCConfigurationList;
			buildConfigurations = (
				E55B821D2204835800C0ED7B /* Debug */,
				E55B821E2204835800C0ED7B /* Release */,
			);
			defaultConfigurationIsVisible = 0;
			defaultConfigurationName = Release;
		};
/* End XCConfigurationList section */
	};
	rootObject = E55B81E62204835500C0ED7B /* Project object */;
}
